{
    "_readme": [
        "This file locks the dependencies of your project to a known state",
        "Read more about it at https://getcomposer.org/doc/01-basic-usage.md#installing-dependencies",
        "This file is @generated automatically"
    ],
    "content-hash": "11e2debe11a7b5a26479431bed7d380b",
    "packages": [
        {
            "name": "amphp/amp",
            "version": "v3.x-dev",
            "source": {
                "type": "git",
                "url": "https://github.com/amphp/amp.git",
                "reference": "f20f886df27526d3bf68d4ab9f32f282060c0159"
            },
            "dist": {
                "type": "zip",
                "url": "https://api.github.com/repos/amphp/amp/zipball/f20f886df27526d3bf68d4ab9f32f282060c0159",
                "reference": "f20f886df27526d3bf68d4ab9f32f282060c0159",
                "shasum": ""
            },
            "require": {
                "php": ">=8"
            },
            "require-dev": {
                "amphp/php-cs-fixer-config": "dev-master",
                "amphp/phpunit-util": "^2-dev",
                "ext-json": "*",
                "jetbrains/phpstorm-stubs": "^2019.3",
                "phpunit/phpunit": "^9",
                "psalm/phar": "^3.11@dev"
            },
            "type": "library",
            "extra": {
                "branch-alias": {
                    "dev-master": "2.x-dev"
                }
            },
            "autoload": {
                "psr-4": {
                    "Amp\\": "lib"
                },
                "files": [
                    "lib/functions.php",
                    "lib/Internal/functions.php"
                ]
            },
            "notification-url": "https://packagist.org/downloads/",
            "license": [
                "MIT"
            ],
            "authors": [
                {
                    "name": "Daniel Lowrey",
                    "email": "rdlowrey@php.net"
                },
                {
                    "name": "Aaron Piotrowski",
                    "email": "aaron@trowski.com"
                },
                {
                    "name": "Bob Weinand",
                    "email": "bobwei9@hotmail.com"
                },
                {
                    "name": "Niklas Keller",
                    "email": "me@kelunik.com"
                }
            ],
            "description": "A non-blocking concurrency framework for PHP applications.",
            "homepage": "http://amphp.org/amp",
            "keywords": [
                "async",
                "asynchronous",
                "awaitable",
                "concurrency",
                "event",
                "event-loop",
                "future",
                "non-blocking",
                "promise"
            ],
            "support": {
                "irc": "irc://irc.freenode.org/amphp",
                "issues": "https://github.com/amphp/amp/issues",
                "source": "https://github.com/amphp/amp/tree/v3"
            },
            "funding": [
                {
                    "url": "https://github.com/amphp",
                    "type": "github"
                }
            ],
            "time": "2021-06-30T19:54:40+00:00"
        },
        {
            "name": "vladimir163/lead-generator",
            "version": "dev-master",
            "source": {
                "type": "git",
                "url": "https://github.com/vladimir163/lead-generator.git",
                "reference": "9a9992de6cf66c3fd4ac3b22688763f8dee5ab72"
            },
            "dist": {
                "type": "zip",
                "url": "https://api.github.com/repos/vladimir163/lead-generator/zipball/9a9992de6cf66c3fd4ac3b22688763f8dee5ab72",
                "reference": "9a9992de6cf66c3fd4ac3b22688763f8dee5ab72",
                "shasum": ""
            },
            "require": {
                "php": ">=7"
            },
            "default-branch": true,
            "type": "library",
            "autoload": {
                "psr-4": {
                    "LeadGenerator\\": "src/"
                }
            },
            "notification-url": "https://packagist.org/downloads/",
            "authors": [
                {
                    "name": "Vladimir Samuylov",
                    "email": "vladimir@samujlov.ru"
                }
            ],
            "support": {
                "issues": "https://github.com/vladimir163/lead-generator/issues",
                "source": "https://github.com/vladimir163/lead-generator/tree/master"
            },
            "time": "2020-07-30T07:43:33+00:00"
        }
    ],
    "packages-dev": [],
    "aliases": [],
    "minimum-stability": "dev",
    "stability-flags": {
        "amphp/amp": 20,
        "vladimir163/lead-generator": 20
    },
    "prefer-stable": false,
    "prefer-lowest": false,
    "platform": [],
    "platform-dev": [],
    "plugin-api-version": "2.0.0"
}
